
Microsoft Visual Studio Solution File, Format Version 12.00
# Visual Studio 15
VisualStudioVersion = 15.0.28307.168
MinimumVisualStudioVersion = 10.0.40219.1
Project("{FAE04EC0-301F-11D3-BF4B-00C04F79EFBC}") = "WindowsFormsApp5", "WindowsFormsApp5\WindowsFormsApp5.csproj", "{5D1AA865-CC8B-4DEE-BE94-03A55C299F6F}"
EndProject
Global
	GlobalSection(SolutionConfigurationPlatforms) = preSolution
		Debug|Any CPU = Debug|Any CPU
		Release|Any CPU = Release|Any CPU
	EndGlobalSection
	GlobalSection(ProjectConfigurationPlatforms) = postSolution
		{5D1AA865-CC8B-4DEE-BE94-03A55C299F6F}.Debug|Any CPU.ActiveCfg = Debug|Any CPU
		{5D1AA865-CC8B-4DEE-BE94-03A55C299F6F}.Debug|Any CPU.Build.0 = Debug|Any CPU
		{5D1AA865-CC8B-4DEE-BE94-03A55C299F6F}.Release|Any CPU.ActiveCfg = Release|Any CPU
		{5D1AA865-CC8B-4DEE-BE94-03A55C299F6F}.Release|Any CPU.Build.0 = Release|Any CPU
	EndGlobalSection
	GlobalSection(SolutionProperties) = preSolution
		HideSolutionNode = FALSE
	EndGlobalSection
	GlobalSection(ExtensibilityGlobals) = postSolution
		SolutionGuid = {F7D4060C-AE40-44E6-AA6A-A6D4C56C5DBC}
	EndGlobalSection
EndGlobal
