
Microsoft Visual Studio Solution File, Format Version 12.00
# Visual Studio 15
VisualStudioVersion = 15.0.28307.168
MinimumVisualStudioVersion = 10.0.40219.1
Project("{FAE04EC0-301F-11D3-BF4B-00C04F79EFBC}") = "Teste_FOR", "Teste_FOR\Teste_FOR.csproj", "{74FB5A3C-D63F-4355-A184-4A51E227788F}"
EndProject
Global
	GlobalSection(SolutionConfigurationPlatforms) = preSolution
		Debug|Any CPU = Debug|Any CPU
		Release|Any CPU = Release|Any CPU
	EndGlobalSection
	GlobalSection(ProjectConfigurationPlatforms) = postSolution
		{74FB5A3C-D63F-4355-A184-4A51E227788F}.Debug|Any CPU.ActiveCfg = Debug|Any CPU
		{74FB5A3C-D63F-4355-A184-4A51E227788F}.Debug|Any CPU.Build.0 = Debug|Any CPU
		{74FB5A3C-D63F-4355-A184-4A51E227788F}.Release|Any CPU.ActiveCfg = Release|Any CPU
		{74FB5A3C-D63F-4355-A184-4A51E227788F}.Release|Any CPU.Build.0 = Release|Any CPU
	EndGlobalSection
	GlobalSection(SolutionProperties) = preSolution
		HideSolutionNode = FALSE
	EndGlobalSection
	GlobalSection(ExtensibilityGlobals) = postSolution
		SolutionGuid = {526F17A0-82A2-432B-94EE-B4714BD88499}
	EndGlobalSection
EndGlobal
