
Microsoft Visual Studio Solution File, Format Version 12.00
# Visual Studio 15
VisualStudioVersion = 15.0.28307.168
MinimumVisualStudioVersion = 10.0.40219.1
Project("{FAE04EC0-301F-11D3-BF4B-00C04F79EFBC}") = "Calculo_imc", "Calculo_imc\Calculo_imc.csproj", "{8A807515-117A-4ACE-8584-0C1AED3B5EFE}"
EndProject
Global
	GlobalSection(SolutionConfigurationPlatforms) = preSolution
		Debug|Any CPU = Debug|Any CPU
		Release|Any CPU = Release|Any CPU
	EndGlobalSection
	GlobalSection(ProjectConfigurationPlatforms) = postSolution
		{8A807515-117A-4ACE-8584-0C1AED3B5EFE}.Debug|Any CPU.ActiveCfg = Debug|Any CPU
		{8A807515-117A-4ACE-8584-0C1AED3B5EFE}.Debug|Any CPU.Build.0 = Debug|Any CPU
		{8A807515-117A-4ACE-8584-0C1AED3B5EFE}.Release|Any CPU.ActiveCfg = Release|Any CPU
		{8A807515-117A-4ACE-8584-0C1AED3B5EFE}.Release|Any CPU.Build.0 = Release|Any CPU
	EndGlobalSection
	GlobalSection(SolutionProperties) = preSolution
		HideSolutionNode = FALSE
	EndGlobalSection
	GlobalSection(ExtensibilityGlobals) = postSolution
		SolutionGuid = {36207053-DEC0-413C-AF7E-A2020391023F}
	EndGlobalSection
EndGlobal
