
Microsoft Visual Studio Solution File, Format Version 12.00
# Visual Studio 15
VisualStudioVersion = 15.0.28307.168
MinimumVisualStudioVersion = 10.0.40219.1
Project("{FAE04EC0-301F-11D3-BF4B-00C04F79EFBC}") = "Calculo_media", "Calculo_media\Calculo_media.csproj", "{A80FD23D-D2D9-4BAE-89BD-00E37E2E2832}"
EndProject
Global
	GlobalSection(SolutionConfigurationPlatforms) = preSolution
		Debug|Any CPU = Debug|Any CPU
		Release|Any CPU = Release|Any CPU
	EndGlobalSection
	GlobalSection(ProjectConfigurationPlatforms) = postSolution
		{A80FD23D-D2D9-4BAE-89BD-00E37E2E2832}.Debug|Any CPU.ActiveCfg = Debug|Any CPU
		{A80FD23D-D2D9-4BAE-89BD-00E37E2E2832}.Debug|Any CPU.Build.0 = Debug|Any CPU
		{A80FD23D-D2D9-4BAE-89BD-00E37E2E2832}.Release|Any CPU.ActiveCfg = Release|Any CPU
		{A80FD23D-D2D9-4BAE-89BD-00E37E2E2832}.Release|Any CPU.Build.0 = Release|Any CPU
	EndGlobalSection
	GlobalSection(SolutionProperties) = preSolution
		HideSolutionNode = FALSE
	EndGlobalSection
	GlobalSection(ExtensibilityGlobals) = postSolution
		SolutionGuid = {6B0EE5EF-BBD2-48B5-9C5B-9F96E8165B94}
	EndGlobalSection
EndGlobal
