
Microsoft Visual Studio Solution File, Format Version 12.00
# Visual Studio 15
VisualStudioVersion = 15.0.28307.168
MinimumVisualStudioVersion = 10.0.40219.1
Project("{FAE04EC0-301F-11D3-BF4B-00C04F79EFBC}") = "Array_multi", "Array_multi\Array_multi.csproj", "{FBA919D5-7344-460F-824E-CFF92CD4A68C}"
EndProject
Global
	GlobalSection(SolutionConfigurationPlatforms) = preSolution
		Debug|Any CPU = Debug|Any CPU
		Release|Any CPU = Release|Any CPU
	EndGlobalSection
	GlobalSection(ProjectConfigurationPlatforms) = postSolution
		{FBA919D5-7344-460F-824E-CFF92CD4A68C}.Debug|Any CPU.ActiveCfg = Debug|Any CPU
		{FBA919D5-7344-460F-824E-CFF92CD4A68C}.Debug|Any CPU.Build.0 = Debug|Any CPU
		{FBA919D5-7344-460F-824E-CFF92CD4A68C}.Release|Any CPU.ActiveCfg = Release|Any CPU
		{FBA919D5-7344-460F-824E-CFF92CD4A68C}.Release|Any CPU.Build.0 = Release|Any CPU
	EndGlobalSection
	GlobalSection(SolutionProperties) = preSolution
		HideSolutionNode = FALSE
	EndGlobalSection
	GlobalSection(ExtensibilityGlobals) = postSolution
		SolutionGuid = {183C49A3-8D9B-451F-A7E3-4AA5FFB73F07}
	EndGlobalSection
EndGlobal
