
Microsoft Visual Studio Solution File, Format Version 12.00
# Visual Studio 15
VisualStudioVersion = 15.0.28307.168
MinimumVisualStudioVersion = 10.0.40219.1
Project("{FAE04EC0-301F-11D3-BF4B-00C04F79EFBC}") = "Conceito_While", "Conceito_While\Conceito_While.csproj", "{F1AE29C0-D4F8-4086-9E92-1B7672503315}"
EndProject
Global
	GlobalSection(SolutionConfigurationPlatforms) = preSolution
		Debug|Any CPU = Debug|Any CPU
		Release|Any CPU = Release|Any CPU
	EndGlobalSection
	GlobalSection(ProjectConfigurationPlatforms) = postSolution
		{F1AE29C0-D4F8-4086-9E92-1B7672503315}.Debug|Any CPU.ActiveCfg = Debug|Any CPU
		{F1AE29C0-D4F8-4086-9E92-1B7672503315}.Debug|Any CPU.Build.0 = Debug|Any CPU
		{F1AE29C0-D4F8-4086-9E92-1B7672503315}.Release|Any CPU.ActiveCfg = Release|Any CPU
		{F1AE29C0-D4F8-4086-9E92-1B7672503315}.Release|Any CPU.Build.0 = Release|Any CPU
	EndGlobalSection
	GlobalSection(SolutionProperties) = preSolution
		HideSolutionNode = FALSE
	EndGlobalSection
	GlobalSection(ExtensibilityGlobals) = postSolution
		SolutionGuid = {742E861C-5DA4-4DFE-AC22-158DA4249C70}
	EndGlobalSection
EndGlobal
